// !$*UTF8*$!
{
    archiveVersion = 1;
    classes = {};
    objectVersion = 46;
    rootObject = __RootObject_;
    objects = {
        __RootObject_ = {
            isa = PBXProject;
            attributes = {LastUpgradeCheck = 9999;};
            buildConfigurationList = ___RootConfs_;
            compatibilityVersion = 'Xcode 3.2';
            developmentRegion = English;
            hasScannedForEncodings = 0;
            knownRegions = (en);
            mainGroup = ___RootGroup_;
            productRefGroup = ____Products_;
            projectDirPath = '';
            projectRoot = '';
            targets = (______Target_TextTransformers, ______Target_TextTransformersTests);
        };
        '__PBXFileRef_Package.swift' = {
            isa = PBXFileReference;
            lastKnownFileType = sourcecode.swift;
            path = 'Package.swift';
            sourceTree = '<group>';
        };
        ___RootGroup_ = {
            isa = PBXGroup;
            children = ('__PBXFileRef_Package.swift', _____Configs_, _____Sources_,  Dependencies_, _______Tests_, ____Products_);
            sourceTree = '<group>';
        };
        _______Group_TextTransformers = {
            isa = PBXGroup;
            name = 'TextTransformers';
            path = 'Sources';
            sourceTree = '<group>';
            children = ('__PBXFileRef_Sources/DirectoryContents.swift', '__PBXFileRef_Sources/FileContents.swift', '__PBXFileRef_Sources/FileName.swift', '__PBXFileRef_Sources/FunctionFilter.swift', '__PBXFileRef_Sources/FunctionMapper.swift', '__PBXFileRef_Sources/Intermediate.swift', '__PBXFileRef_Sources/IntermediateTransformer.swift', '__PBXFileRef_Sources/None.swift', '__PBXFileRef_Sources/PositionTemplate.swift', '__PBXFileRef_Sources/Protocols.swift', '__PBXFileRef_Sources/Range.swift', '__PBXFileRef_Sources/Separator.swift', '__PBXFileRef_Sources/String+Compatability.swift', '__PBXFileRef_Sources/String+Convenience.swift', '__PBXFileRef_Sources/Surround.swift', '__PBXFileRef_Sources/Template.swift', '__PBXFileRef_Sources/TemplateBuilder.swift', '__PBXFileRef_Sources/TemplateCommandDefault.swift', '__PBXFileRef_Sources/TemplateCommandIf.swift', '__PBXFileRef_Sources/TemplateCommandLoop.swift', '__PBXFileRef_Sources/TemplateValue.swift');
        };
        '__PBXFileRef_Sources/DirectoryContents.swift' = {
            isa = PBXFileReference;
            lastKnownFileType = sourcecode.swift;
            path = 'DirectoryContents.swift';
            sourceTree = '<group>';
        };
        '__PBXFileRef_Sources/FileContents.swift' = {
            isa = PBXFileReference;
            lastKnownFileType = sourcecode.swift;
            path = 'FileContents.swift';
            sourceTree = '<group>';
        };
        '__PBXFileRef_Sources/FileName.swift' = {
            isa = PBXFileReference;
            lastKnownFileType = sourcecode.swift;
            path = 'FileName.swift';
            sourceTree = '<group>';
        };
        '__PBXFileRef_Sources/FunctionFilter.swift' = {
            isa = PBXFileReference;
            lastKnownFileType = sourcecode.swift;
            path = 'FunctionFilter.swift';
            sourceTree = '<group>';
        };
        '__PBXFileRef_Sources/FunctionMapper.swift' = {
            isa = PBXFileReference;
            lastKnownFileType = sourcecode.swift;
            path = 'FunctionMapper.swift';
            sourceTree = '<group>';
        };
        '__PBXFileRef_Sources/Intermediate.swift' = {
            isa = PBXFileReference;
            lastKnownFileType = sourcecode.swift;
            path = 'Intermediate.swift';
            sourceTree = '<group>';
        };
        '__PBXFileRef_Sources/IntermediateTransformer.swift' = {
            isa = PBXFileReference;
            lastKnownFileType = sourcecode.swift;
            path = 'IntermediateTransformer.swift';
            sourceTree = '<group>';
        };
        '__PBXFileRef_Sources/None.swift' = {
            isa = PBXFileReference;
            lastKnownFileType = sourcecode.swift;
            path = 'None.swift';
            sourceTree = '<group>';
        };
        '__PBXFileRef_Sources/PositionTemplate.swift' = {
            isa = PBXFileReference;
            lastKnownFileType = sourcecode.swift;
            path = 'PositionTemplate.swift';
            sourceTree = '<group>';
        };
        '__PBXFileRef_Sources/Protocols.swift' = {
            isa = PBXFileReference;
            lastKnownFileType = sourcecode.swift;
            path = 'Protocols.swift';
            sourceTree = '<group>';
        };
        '__PBXFileRef_Sources/Range.swift' = {
            isa = PBXFileReference;
            lastKnownFileType = sourcecode.swift;
            path = 'Range.swift';
            sourceTree = '<group>';
        };
        '__PBXFileRef_Sources/Separator.swift' = {
            isa = PBXFileReference;
            lastKnownFileType = sourcecode.swift;
            path = 'Separator.swift';
            sourceTree = '<group>';
        };
        '__PBXFileRef_Sources/String+Compatability.swift' = {
            isa = PBXFileReference;
            lastKnownFileType = sourcecode.swift;
            path = 'String+Compatability.swift';
            sourceTree = '<group>';
        };
        '__PBXFileRef_Sources/String+Convenience.swift' = {
            isa = PBXFileReference;
            lastKnownFileType = sourcecode.swift;
            path = 'String+Convenience.swift';
            sourceTree = '<group>';
        };
        '__PBXFileRef_Sources/Surround.swift' = {
            isa = PBXFileReference;
            lastKnownFileType = sourcecode.swift;
            path = 'Surround.swift';
            sourceTree = '<group>';
        };
        '__PBXFileRef_Sources/Template.swift' = {
            isa = PBXFileReference;
            lastKnownFileType = sourcecode.swift;
            path = 'Template.swift';
            sourceTree = '<group>';
        };
        '__PBXFileRef_Sources/TemplateBuilder.swift' = {
            isa = PBXFileReference;
            lastKnownFileType = sourcecode.swift;
            path = 'TemplateBuilder.swift';
            sourceTree = '<group>';
        };
        '__PBXFileRef_Sources/TemplateCommandDefault.swift' = {
            isa = PBXFileReference;
            lastKnownFileType = sourcecode.swift;
            path = 'TemplateCommandDefault.swift';
            sourceTree = '<group>';
        };
        '__PBXFileRef_Sources/TemplateCommandIf.swift' = {
            isa = PBXFileReference;
            lastKnownFileType = sourcecode.swift;
            path = 'TemplateCommandIf.swift';
            sourceTree = '<group>';
        };
        '__PBXFileRef_Sources/TemplateCommandLoop.swift' = {
            isa = PBXFileReference;
            lastKnownFileType = sourcecode.swift;
            path = 'TemplateCommandLoop.swift';
            sourceTree = '<group>';
        };
        '__PBXFileRef_Sources/TemplateValue.swift' = {
            isa = PBXFileReference;
            lastKnownFileType = sourcecode.swift;
            path = 'TemplateValue.swift';
            sourceTree = '<group>';
        };
        ______Target_TextTransformers = {
            isa = PBXNativeTarget;
            buildConfigurationList = _______Confs_TextTransformers;
            buildPhases = (CompilePhase_TextTransformers, ___LinkPhase_TextTransformers);
            buildRules = ();
            dependencies = ();
            name = 'TextTransformers';
            productName = TextTransformers;
            productReference = _____Product_TextTransformers;
            productType = 'com.apple.product-type.framework';
        };
        _____Product_TextTransformers = {
            isa = PBXFileReference;
            explicitFileType = 'wrapper.framework';
            path = 'TextTransformers.framework';
            sourceTree = BUILT_PRODUCTS_DIR;
        };
        CompilePhase_TextTransformers = {
            isa = PBXSourcesBuildPhase;
            files = ('__src_cc_ref_Sources/DirectoryContents.swift', '__src_cc_ref_Sources/FileContents.swift', '__src_cc_ref_Sources/FileName.swift', '__src_cc_ref_Sources/FunctionFilter.swift', '__src_cc_ref_Sources/FunctionMapper.swift', '__src_cc_ref_Sources/Intermediate.swift', '__src_cc_ref_Sources/IntermediateTransformer.swift', '__src_cc_ref_Sources/None.swift', '__src_cc_ref_Sources/PositionTemplate.swift', '__src_cc_ref_Sources/Protocols.swift', '__src_cc_ref_Sources/Range.swift', '__src_cc_ref_Sources/Separator.swift', '__src_cc_ref_Sources/String+Compatability.swift', '__src_cc_ref_Sources/String+Convenience.swift', '__src_cc_ref_Sources/Surround.swift', '__src_cc_ref_Sources/Template.swift', '__src_cc_ref_Sources/TemplateBuilder.swift', '__src_cc_ref_Sources/TemplateCommandDefault.swift', '__src_cc_ref_Sources/TemplateCommandIf.swift', '__src_cc_ref_Sources/TemplateCommandLoop.swift', '__src_cc_ref_Sources/TemplateValue.swift');
            runOnlyForDeploymentPostprocessing = 0;
        };
        '__src_cc_ref_Sources/DirectoryContents.swift' = {
            isa = PBXBuildFile;
            fileRef = '__PBXFileRef_Sources/DirectoryContents.swift';
        };
        '__src_cc_ref_Sources/FileContents.swift' = {
            isa = PBXBuildFile;
            fileRef = '__PBXFileRef_Sources/FileContents.swift';
        };
        '__src_cc_ref_Sources/FileName.swift' = {
            isa = PBXBuildFile;
            fileRef = '__PBXFileRef_Sources/FileName.swift';
        };
        '__src_cc_ref_Sources/FunctionFilter.swift' = {
            isa = PBXBuildFile;
            fileRef = '__PBXFileRef_Sources/FunctionFilter.swift';
        };
        '__src_cc_ref_Sources/FunctionMapper.swift' = {
            isa = PBXBuildFile;
            fileRef = '__PBXFileRef_Sources/FunctionMapper.swift';
        };
        '__src_cc_ref_Sources/Intermediate.swift' = {
            isa = PBXBuildFile;
            fileRef = '__PBXFileRef_Sources/Intermediate.swift';
        };
        '__src_cc_ref_Sources/IntermediateTransformer.swift' = {
            isa = PBXBuildFile;
            fileRef = '__PBXFileRef_Sources/IntermediateTransformer.swift';
        };
        '__src_cc_ref_Sources/None.swift' = {
            isa = PBXBuildFile;
            fileRef = '__PBXFileRef_Sources/None.swift';
        };
        '__src_cc_ref_Sources/PositionTemplate.swift' = {
            isa = PBXBuildFile;
            fileRef = '__PBXFileRef_Sources/PositionTemplate.swift';
        };
        '__src_cc_ref_Sources/Protocols.swift' = {
            isa = PBXBuildFile;
            fileRef = '__PBXFileRef_Sources/Protocols.swift';
        };
        '__src_cc_ref_Sources/Range.swift' = {
            isa = PBXBuildFile;
            fileRef = '__PBXFileRef_Sources/Range.swift';
        };
        '__src_cc_ref_Sources/Separator.swift' = {
            isa = PBXBuildFile;
            fileRef = '__PBXFileRef_Sources/Separator.swift';
        };
        '__src_cc_ref_Sources/String+Compatability.swift' = {
            isa = PBXBuildFile;
            fileRef = '__PBXFileRef_Sources/String+Compatability.swift';
        };
        '__src_cc_ref_Sources/String+Convenience.swift' = {
            isa = PBXBuildFile;
            fileRef = '__PBXFileRef_Sources/String+Convenience.swift';
        };
        '__src_cc_ref_Sources/Surround.swift' = {
            isa = PBXBuildFile;
            fileRef = '__PBXFileRef_Sources/Surround.swift';
        };
        '__src_cc_ref_Sources/Template.swift' = {
            isa = PBXBuildFile;
            fileRef = '__PBXFileRef_Sources/Template.swift';
        };
        '__src_cc_ref_Sources/TemplateBuilder.swift' = {
            isa = PBXBuildFile;
            fileRef = '__PBXFileRef_Sources/TemplateBuilder.swift';
        };
        '__src_cc_ref_Sources/TemplateCommandDefault.swift' = {
            isa = PBXBuildFile;
            fileRef = '__PBXFileRef_Sources/TemplateCommandDefault.swift';
        };
        '__src_cc_ref_Sources/TemplateCommandIf.swift' = {
            isa = PBXBuildFile;
            fileRef = '__PBXFileRef_Sources/TemplateCommandIf.swift';
        };
        '__src_cc_ref_Sources/TemplateCommandLoop.swift' = {
            isa = PBXBuildFile;
            fileRef = '__PBXFileRef_Sources/TemplateCommandLoop.swift';
        };
        '__src_cc_ref_Sources/TemplateValue.swift' = {
            isa = PBXBuildFile;
            fileRef = '__PBXFileRef_Sources/TemplateValue.swift';
        };
        ___LinkPhase_TextTransformers = {
            isa = PBXFrameworksBuildPhase;
            files = ();
            runOnlyForDeploymentPostprocessing = 0;
        };
        _______Confs_TextTransformers = {
            isa = XCConfigurationList;
            buildConfigurations = (___DebugConf_TextTransformers, _ReleaseConf_TextTransformers);
            defaultConfigurationIsVisible = 0;
            defaultConfigurationName = Debug;
        };
        ___DebugConf_TextTransformers = {
            isa = XCBuildConfiguration;
            buildSettings = { SWIFT_VERSION = '3.0'; LD_RUNPATH_SEARCH_PATHS = '$(TOOLCHAIN_DIR)/usr/lib/swift/macosx'; PRODUCT_MODULE_NAME = '$(TARGET_NAME:c99extidentifier)'; ENABLE_TESTABILITY = 'YES'; OTHER_SWIFT_FLAGS = '$(inherited)'; INFOPLIST_FILE = 'TextTransformers.xcodeproj/TextTransformers_Info.plist'; FRAMEWORK_SEARCH_PATHS = '$(PLATFORM_DIR)/Developer/Library/Frameworks'; SWIFT_OPTIMIZATION_LEVEL = '-Onone'; PRODUCT_BUNDLE_IDENTIFIER = 'TextTransformers'; PRODUCT_NAME = '$(TARGET_NAME:c99extidentifier)'; OTHER_LDFLAGS = '$(inherited)'; };
            name = Debug;
        };
        _ReleaseConf_TextTransformers = {
            isa = XCBuildConfiguration;
            buildSettings = { SWIFT_VERSION = '3.0'; LD_RUNPATH_SEARCH_PATHS = '$(TOOLCHAIN_DIR)/usr/lib/swift/macosx'; PRODUCT_MODULE_NAME = '$(TARGET_NAME:c99extidentifier)'; ENABLE_TESTABILITY = 'YES'; OTHER_SWIFT_FLAGS = '$(inherited)'; INFOPLIST_FILE = 'TextTransformers.xcodeproj/TextTransformers_Info.plist'; FRAMEWORK_SEARCH_PATHS = '$(PLATFORM_DIR)/Developer/Library/Frameworks'; PRODUCT_BUNDLE_IDENTIFIER = 'TextTransformers'; PRODUCT_NAME = '$(TARGET_NAME:c99extidentifier)'; OTHER_LDFLAGS = '$(inherited)'; };
            name = Release;
        };
        __Dependency_TextTransformers = {
            isa = PBXTargetDependency;
            target = ______Target_TextTransformers;
        };
        _______Group_TextTransformersTests = {
            isa = PBXGroup;
            name = 'TextTransformersTests';
            path = 'Tests/TextTransformersTests';
            sourceTree = '<group>';
            children = ('__PBXFileRef_Tests/TextTransformersTests/DirectoryContentsTests.swift', '__PBXFileRef_Tests/TextTransformersTests/FileContentsTests.swift', '__PBXFileRef_Tests/TextTransformersTests/FileNameTests.swift', '__PBXFileRef_Tests/TextTransformersTests/NoneTests.swift', '__PBXFileRef_Tests/TextTransformersTests/PositionTemplateTests.swift', '__PBXFileRef_Tests/TextTransformersTests/RangeTests.swift', '__PBXFileRef_Tests/TextTransformersTests/SurroundTests.swift', '__PBXFileRef_Tests/TextTransformersTests/TemplateTests.swift', '__PBXFileRef_Tests/TextTransformersTests/TextTransformersTests.swift');
        };
        '__PBXFileRef_Tests/TextTransformersTests/DirectoryContentsTests.swift' = {
            isa = PBXFileReference;
            lastKnownFileType = sourcecode.swift;
            path = 'DirectoryContentsTests.swift';
            sourceTree = '<group>';
        };
        '__PBXFileRef_Tests/TextTransformersTests/FileContentsTests.swift' = {
            isa = PBXFileReference;
            lastKnownFileType = sourcecode.swift;
            path = 'FileContentsTests.swift';
            sourceTree = '<group>';
        };
        '__PBXFileRef_Tests/TextTransformersTests/FileNameTests.swift' = {
            isa = PBXFileReference;
            lastKnownFileType = sourcecode.swift;
            path = 'FileNameTests.swift';
            sourceTree = '<group>';
        };
        '__PBXFileRef_Tests/TextTransformersTests/NoneTests.swift' = {
            isa = PBXFileReference;
            lastKnownFileType = sourcecode.swift;
            path = 'NoneTests.swift';
            sourceTree = '<group>';
        };
        '__PBXFileRef_Tests/TextTransformersTests/PositionTemplateTests.swift' = {
            isa = PBXFileReference;
            lastKnownFileType = sourcecode.swift;
            path = 'PositionTemplateTests.swift';
            sourceTree = '<group>';
        };
        '__PBXFileRef_Tests/TextTransformersTests/RangeTests.swift' = {
            isa = PBXFileReference;
            lastKnownFileType = sourcecode.swift;
            path = 'RangeTests.swift';
            sourceTree = '<group>';
        };
        '__PBXFileRef_Tests/TextTransformersTests/SurroundTests.swift' = {
            isa = PBXFileReference;
            lastKnownFileType = sourcecode.swift;
            path = 'SurroundTests.swift';
            sourceTree = '<group>';
        };
        '__PBXFileRef_Tests/TextTransformersTests/TemplateTests.swift' = {
            isa = PBXFileReference;
            lastKnownFileType = sourcecode.swift;
            path = 'TemplateTests.swift';
            sourceTree = '<group>';
        };
        '__PBXFileRef_Tests/TextTransformersTests/TextTransformersTests.swift' = {
            isa = PBXFileReference;
            lastKnownFileType = sourcecode.swift;
            path = 'TextTransformersTests.swift';
            sourceTree = '<group>';
        };
        ______Target_TextTransformersTests = {
            isa = PBXNativeTarget;
            buildConfigurationList = _______Confs_TextTransformersTests;
            buildPhases = (CompilePhase_TextTransformersTests, ___LinkPhase_TextTransformersTests);
            buildRules = ();
            dependencies = (__Dependency_TextTransformers);
            name = 'TextTransformersTests';
            productName = TextTransformersTests;
            productReference = _____Product_TextTransformersTests;
            productType = 'com.apple.product-type.bundle.unit-test';
        };
        _____Product_TextTransformersTests = {
            isa = PBXFileReference;
            explicitFileType = 'compiled.mach-o.wrapper.cfbundle';
            path = 'TextTransformersTests.xctest';
            sourceTree = BUILT_PRODUCTS_DIR;
        };
        CompilePhase_TextTransformersTests = {
            isa = PBXSourcesBuildPhase;
            files = ('__src_cc_ref_Tests/TextTransformersTests/DirectoryContentsTests.swift', '__src_cc_ref_Tests/TextTransformersTests/FileContentsTests.swift', '__src_cc_ref_Tests/TextTransformersTests/FileNameTests.swift', '__src_cc_ref_Tests/TextTransformersTests/NoneTests.swift', '__src_cc_ref_Tests/TextTransformersTests/PositionTemplateTests.swift', '__src_cc_ref_Tests/TextTransformersTests/RangeTests.swift', '__src_cc_ref_Tests/TextTransformersTests/SurroundTests.swift', '__src_cc_ref_Tests/TextTransformersTests/TemplateTests.swift', '__src_cc_ref_Tests/TextTransformersTests/TextTransformersTests.swift');
            runOnlyForDeploymentPostprocessing = 0;
        };
        '__src_cc_ref_Tests/TextTransformersTests/DirectoryContentsTests.swift' = {
            isa = PBXBuildFile;
            fileRef = '__PBXFileRef_Tests/TextTransformersTests/DirectoryContentsTests.swift';
        };
        '__src_cc_ref_Tests/TextTransformersTests/FileContentsTests.swift' = {
            isa = PBXBuildFile;
            fileRef = '__PBXFileRef_Tests/TextTransformersTests/FileContentsTests.swift';
        };
        '__src_cc_ref_Tests/TextTransformersTests/FileNameTests.swift' = {
            isa = PBXBuildFile;
            fileRef = '__PBXFileRef_Tests/TextTransformersTests/FileNameTests.swift';
        };
        '__src_cc_ref_Tests/TextTransformersTests/NoneTests.swift' = {
            isa = PBXBuildFile;
            fileRef = '__PBXFileRef_Tests/TextTransformersTests/NoneTests.swift';
        };
        '__src_cc_ref_Tests/TextTransformersTests/PositionTemplateTests.swift' = {
            isa = PBXBuildFile;
            fileRef = '__PBXFileRef_Tests/TextTransformersTests/PositionTemplateTests.swift';
        };
        '__src_cc_ref_Tests/TextTransformersTests/RangeTests.swift' = {
            isa = PBXBuildFile;
            fileRef = '__PBXFileRef_Tests/TextTransformersTests/RangeTests.swift';
        };
        '__src_cc_ref_Tests/TextTransformersTests/SurroundTests.swift' = {
            isa = PBXBuildFile;
            fileRef = '__PBXFileRef_Tests/TextTransformersTests/SurroundTests.swift';
        };
        '__src_cc_ref_Tests/TextTransformersTests/TemplateTests.swift' = {
            isa = PBXBuildFile;
            fileRef = '__PBXFileRef_Tests/TextTransformersTests/TemplateTests.swift';
        };
        '__src_cc_ref_Tests/TextTransformersTests/TextTransformersTests.swift' = {
            isa = PBXBuildFile;
            fileRef = '__PBXFileRef_Tests/TextTransformersTests/TextTransformersTests.swift';
        };
        ___LinkPhase_TextTransformersTests = {
            isa = PBXFrameworksBuildPhase;
            files = (_LinkFileRef_TextTransformers_via_TextTransformersTests);
            runOnlyForDeploymentPostprocessing = 0;
        };
        _LinkFileRef_TextTransformers_via_TextTransformersTests = {
            isa = PBXBuildFile;
            fileRef = _____Product_TextTransformers;
        };
        _______Confs_TextTransformersTests = {
            isa = XCConfigurationList;
            buildConfigurations = (___DebugConf_TextTransformersTests, _ReleaseConf_TextTransformersTests);
            defaultConfigurationIsVisible = 0;
            defaultConfigurationName = Debug;
        };
        ___DebugConf_TextTransformersTests = {
            isa = XCBuildConfiguration;
            buildSettings = { LD_RUNPATH_SEARCH_PATHS = '@loader_path/../Frameworks'; FRAMEWORK_SEARCH_PATHS = '$(PLATFORM_DIR)/Developer/Library/Frameworks'; OTHER_SWIFT_FLAGS = '$(inherited)'; INFOPLIST_FILE = 'TextTransformers.xcodeproj/TextTransformersTests_Info.plist'; SWIFT_OPTIMIZATION_LEVEL = '-Onone'; EMBEDDED_CONTENT_CONTAINS_SWIFT = 'YES'; OTHER_LDFLAGS = '$(inherited)'; SWIFT_VERSION = '3.0'; };
            name = Debug;
        };
        _ReleaseConf_TextTransformersTests = {
            isa = XCBuildConfiguration;
            buildSettings = { LD_RUNPATH_SEARCH_PATHS = '@loader_path/../Frameworks'; FRAMEWORK_SEARCH_PATHS = '$(PLATFORM_DIR)/Developer/Library/Frameworks'; OTHER_SWIFT_FLAGS = '$(inherited)'; INFOPLIST_FILE = 'TextTransformers.xcodeproj/TextTransformersTests_Info.plist'; EMBEDDED_CONTENT_CONTAINS_SWIFT = 'YES'; OTHER_LDFLAGS = '$(inherited)'; SWIFT_VERSION = '3.0'; };
            name = Release;
        };
        __Dependency_TextTransformersTests = {
            isa = PBXTargetDependency;
            target = ______Target_TextTransformersTests;
        };
        '__PBXFileRef_TextTransformers.xcodeproj/Configs/Project.xcconfig' = {
            isa = PBXFileReference;
            lastKnownFileType = text.xcconfig;
            path = 'TextTransformers.xcodeproj/Configs/Project.xcconfig';
            sourceTree = '<group>';
        };
        _____Configs_ = {
            isa = PBXGroup;
            children = ('__PBXFileRef_TextTransformers.xcodeproj/Configs/Project.xcconfig');
            name = Configs;
            sourceTree = '<group>';
        };
        _____Sources_ = {
            isa = PBXGroup;
            children = (_______Group_TextTransformers);
            name = Sources;
            sourceTree = '<group>';
        };
        _______Tests_ = {
            isa = PBXGroup;
            children = (_______Group_TextTransformersTests);
            name = Tests;
            sourceTree = '<group>';
        };
       TestProducts_ = {
            isa = PBXGroup;
            children = (_____Product_TextTransformersTests);
            name = Tests;
            sourceTree = '<group>';
        };
        ____Products_ = {
            isa = PBXGroup;
            children = (TestProducts_, _____Product_TextTransformers);
            name = Products;
            sourceTree = '<group>';
        };
        _______Debug_ = {
            isa = XCBuildConfiguration;
            baseConfigurationReference = '__PBXFileRef_TextTransformers.xcodeproj/Configs/Project.xcconfig';
            buildSettings = {};
            name = Debug;
        };
        _____Release_ = {
            isa = XCBuildConfiguration;
            baseConfigurationReference = '__PBXFileRef_TextTransformers.xcodeproj/Configs/Project.xcconfig';
            buildSettings = {};
            name = Release;
        };
        ___RootConfs_ = {
            isa = XCConfigurationList;
            buildConfigurations = (_______Debug_, _____Release_);
            defaultConfigurationIsVisible = 0;
            defaultConfigurationName = Debug;
        };
    };
}
